
Microsoft Visual Studio Solution File, Format Version 12.00
# Visual Studio 15
Project("{FAE04EC0-301F-11D3-BF4B-00C04F79EFBC}") = "Assembly-CSharp-firstpass", "Assembly-CSharp-firstpass.csproj", "{C39E4081-36C7-80EF-3EE9-0EAD65764CF6}"
EndProject
Project("{FAE04EC0-301F-11D3-BF4B-00C04F79EFBC}") = "Assembly-CSharp", "Assembly-CSharp.csproj", "{5ED2151E-F743-349E-8B71-9A03DD822E9B}"
EndProject
Project("{FAE04EC0-301F-11D3-BF4B-00C04F79EFBC}") = "Assembly-CSharp-Editor-firstpass", "Assembly-CSharp-Editor-firstpass.csproj", "{7FA2CB88-9C01-A843-36B6-6878FE581EFE}"
EndProject
Project("{FAE04EC0-301F-11D3-BF4B-00C04F79EFBC}") = "Assembly-CSharp-Editor", "Assembly-CSharp-Editor.csproj", "{31EE611B-12B6-7721-6CF2-31A61CEDBE41}"
EndProject
Global
	GlobalSection(SolutionConfigurationPlatforms) = preSolution
		Debug|Any CPU = Debug|Any CPU
		Release|Any CPU = Release|Any CPU
	EndGlobalSection
	GlobalSection(ProjectConfigurationPlatforms) = postSolution
		{C39E4081-36C7-80EF-3EE9-0EAD65764CF6}.Debug|Any CPU.ActiveCfg = Debug|Any CPU
		{C39E4081-36C7-80EF-3EE9-0EAD65764CF6}.Debug|Any CPU.Build.0 = Debug|Any CPU
		{C39E4081-36C7-80EF-3EE9-0EAD65764CF6}.Release|Any CPU.ActiveCfg = Release|Any CPU
		{C39E4081-36C7-80EF-3EE9-0EAD65764CF6}.Release|Any CPU.Build.0 = Release|Any CPU
		{5ED2151E-F743-349E-8B71-9A03DD822E9B}.Debug|Any CPU.ActiveCfg = Debug|Any CPU
		{5ED2151E-F743-349E-8B71-9A03DD822E9B}.Debug|Any CPU.Build.0 = Debug|Any CPU
		{5ED2151E-F743-349E-8B71-9A03DD822E9B}.Release|Any CPU.ActiveCfg = Release|Any CPU
		{5ED2151E-F743-349E-8B71-9A03DD822E9B}.Release|Any CPU.Build.0 = Release|Any CPU
		{7FA2CB88-9C01-A843-36B6-6878FE581EFE}.Debug|Any CPU.ActiveCfg = Debug|Any CPU
		{7FA2CB88-9C01-A843-36B6-6878FE581EFE}.Debug|Any CPU.Build.0 = Debug|Any CPU
		{7FA2CB88-9C01-A843-36B6-6878FE581EFE}.Release|Any CPU.ActiveCfg = Release|Any CPU
		{7FA2CB88-9C01-A843-36B6-6878FE581EFE}.Release|Any CPU.Build.0 = Release|Any CPU
		{31EE611B-12B6-7721-6CF2-31A61CEDBE41}.Debug|Any CPU.ActiveCfg = Debug|Any CPU
		{31EE611B-12B6-7721-6CF2-31A61CEDBE41}.Debug|Any CPU.Build.0 = Debug|Any CPU
		{31EE611B-12B6-7721-6CF2-31A61CEDBE41}.Release|Any CPU.ActiveCfg = Release|Any CPU
		{31EE611B-12B6-7721-6CF2-31A61CEDBE41}.Release|Any CPU.Build.0 = Release|Any CPU
	EndGlobalSection
	GlobalSection(SolutionProperties) = preSolution
		HideSolutionNode = FALSE
	EndGlobalSection
EndGlobal
